{
    "_meta": {
        "hash": {
            "sha256": "15f8e748f19a616cfc7b2b359964fae1e6d9fcdf4f8e88a7d8770c773c28f324"
        },
        "host-environment-markers": {
            "implementation_name": "cpython",
            "implementation_version": "3.6.4",
            "os_name": "posix",
            "platform_machine": "x86_64",
            "platform_python_implementation": "CPython",
            "platform_release": "17.4.0",
            "platform_system": "Darwin",
            "platform_version": "Darwin Kernel Version 17.4.0: Sun Dec 17 09:19:54 PST 2017; root:xnu-4570.41.2~1/RELEASE_X86_64",
            "python_full_version": "3.6.4",
            "python_version": "3.6",
            "sys_platform": "darwin"
        },
        "pipfile-spec": 6,
        "requires": {
            "python_version": "3.6"
        },
        "sources": [
            {
                "name": "pypi",
                "url": "https://pypi.python.org/simple",
                "verify_ssl": true
            }
        ]
    },
    "default": {},
    "develop": {
        "json-validator": {
            "hashes": [
                "sha256:551201e34ec72256fd9ad3f0e60e26c28429cec30c10e8f8e6503172dd3f8e81",
                "sha256:40edba7517375cbbb997b3345952b24cde2046f406a08bb3673f4026a3b3c971"
            ],
            "version": "==1.0"
        },
        "jsonschema": {
            "hashes": [
                "sha256:71e7b3bcf9fca408bcb65bb60892f375d3abdd2e4f296eeeb8fe0bbbfcde598e",
                "sha256:36673ac378feed3daa5956276a829699056523d7961027911f064b52255ead41",
                "sha256:9088494da4c74497a7a27842ae4ca9c3355b5f7754121edc440463eaf020f079"
            ],
            "version": "==2.5.1"
        }
    }
}
